// !$*UTF8*$!
{
	archiveVersion = 1;
	classes = {
	};
	objectVersion = 50;
	objects = {

/* Begin PBXBuildFile section */
		C03CABC32245A01900CC92FF /* VertexArray.cpp in Sources */ = {isa = PBXBuildFile; fileRef = C03CABC12245A01900CC92FF /* VertexArray.cpp */; };
		C03CDDCF224DA0D4005D9DE5 /* CoreFoundation.framework in Frameworks */ = {isa = PBXBuildFile; fileRef = C03CDDCE224DA0D4005D9DE5 /* CoreFoundation.framework */; };
		C03CDDD6224DF3B1005D9DE5 /* Mesh.cpp in Sources */ = {isa = PBXBuildFile; fileRef = C03CDDD4224DF3B1005D9DE5 /* Mesh.cpp */; };
		C03CDDD9224DFBE1005D9DE5 /* MeshComponent.cpp in Sources */ = {isa = PBXBuildFile; fileRef = C03CDDD7224DFBE1005D9DE5 /* MeshComponent.cpp */; };
		C053E0042251D8FE00DFF32E /* AudioSystem.cpp in Sources */ = {isa = PBXBuildFile; fileRef = C053E0022251D8FE00DFF32E /* AudioSystem.cpp */; };
		C053E0072251EBA900DFF32E /* SoundEvent.cpp in Sources */ = {isa = PBXBuildFile; fileRef = C053E0052251EBA900DFF32E /* SoundEvent.cpp */; };
		C053E00A2252105A00DFF32E /* AudioComponent.cpp in Sources */ = {isa = PBXBuildFile; fileRef = C053E0082252105A00DFF32E /* AudioComponent.cpp */; };
		C05DF41522486C93003FD0F5 /* Shader.cpp in Sources */ = {isa = PBXBuildFile; fileRef = C05DF41322486C93003FD0F5 /* Shader.cpp */; };
		C05DF4182249115C003FD0F5 /* Texture.cpp in Sources */ = {isa = PBXBuildFile; fileRef = C05DF4162249115C003FD0F5 /* Texture.cpp */; };
		C069B35B2240A85D00DB509F /* main.cpp in Sources */ = {isa = PBXBuildFile; fileRef = C069B35A2240A85D00DB509F /* main.cpp */; };
		C069B3642240A88700DB509F /* Game.cpp in Sources */ = {isa = PBXBuildFile; fileRef = C069B3622240A88700DB509F /* Game.cpp */; };
		C069B3682240B94B00DB509F /* Game.hpp in Sources */ = {isa = PBXBuildFile; fileRef = C069B3632240A88700DB509F /* Game.hpp */; };
		C069B36F22413B6800DB509F /* Actor.cpp in Sources */ = {isa = PBXBuildFile; fileRef = C069B36D22413B6800DB509F /* Actor.cpp */; };
		C069B3722241403C00DB509F /* Component.cpp in Sources */ = {isa = PBXBuildFile; fileRef = C069B3702241403C00DB509F /* Component.cpp */; };
		C069B3772241E2DF00DB509F /* SpriteComponent.cpp in Sources */ = {isa = PBXBuildFile; fileRef = C069B3752241E2DF00DB509F /* SpriteComponent.cpp */; };
		C069B37A2243168000DB509F /* Player.cpp in Sources */ = {isa = PBXBuildFile; fileRef = C069B3782243168000DB509F /* Player.cpp */; };
		C069B37D2243234600DB509F /* Math.cpp in Sources */ = {isa = PBXBuildFile; fileRef = C069B37B2243234600DB509F /* Math.cpp */; };
		C069B380224332E500DB509F /* BGSpriteComponent.cpp in Sources */ = {isa = PBXBuildFile; fileRef = C069B37E224332E500DB509F /* BGSpriteComponent.cpp */; };
		C069B383224337BF00DB509F /* AnimSpriteComponent.cpp in Sources */ = {isa = PBXBuildFile; fileRef = C069B381224337BF00DB509F /* AnimSpriteComponent.cpp */; };
		C07B169922448CEE00818451 /* Enemy.cpp in Sources */ = {isa = PBXBuildFile; fileRef = C07B169722448CEE00818451 /* Enemy.cpp */; };
		C07B169C22448E4F00818451 /* Random.cpp in Sources */ = {isa = PBXBuildFile; fileRef = C07B169A22448E4F00818451 /* Random.cpp */; };
		C07B169F224496F600818451 /* MoveComponent.cpp in Sources */ = {isa = PBXBuildFile; fileRef = C07B169D224496F600818451 /* MoveComponent.cpp */; };
		C07B16A22244979000818451 /* InputComponent.cpp in Sources */ = {isa = PBXBuildFile; fileRef = C07B16A02244979000818451 /* InputComponent.cpp */; };
		C07B16A52245236300818451 /* CircleComponent.cpp in Sources */ = {isa = PBXBuildFile; fileRef = C07B16A32245236300818451 /* CircleComponent.cpp */; };
		C07B16A8224529ED00818451 /* Bullet.cpp in Sources */ = {isa = PBXBuildFile; fileRef = C07B16A6224529ED00818451 /* Bullet.cpp */; };
		C07B16AA22453E7A00818451 /* OpenGL.framework in Frameworks */ = {isa = PBXBuildFile; fileRef = C07B16A922453E7A00818451 /* OpenGL.framework */; };
/* End PBXBuildFile section */

/* Begin PBXCopyFilesBuildPhase section */
		C069B3552240A85D00DB509F /* CopyFiles */ = {
			isa = PBXCopyFilesBuildPhase;
			buildActionMask = 2147483647;
			dstPath = /usr/share/man/man1/;
			dstSubfolderSpec = 0;
			files = (
			);
			runOnlyForDeploymentPostprocessing = 1;
		};
/* End PBXCopyFilesBuildPhase section */

/* Begin PBXFileReference section */
		C03CABC12245A01900CC92FF /* VertexArray.cpp */ = {isa = PBXFileReference; lastKnownFileType = sourcecode.cpp.cpp; path = VertexArray.cpp; sourceTree = "<group>"; };
		C03CABC22245A01900CC92FF /* VertexArray.hpp */ = {isa = PBXFileReference; lastKnownFileType = sourcecode.cpp.h; path = VertexArray.hpp; sourceTree = "<group>"; };
		C03CDDCE224DA0D4005D9DE5 /* CoreFoundation.framework */ = {isa = PBXFileReference; lastKnownFileType = wrapper.framework; name = CoreFoundation.framework; path = System/Library/Frameworks/CoreFoundation.framework; sourceTree = SDKROOT; };
		C03CDDD4224DF3B1005D9DE5 /* Mesh.cpp */ = {isa = PBXFileReference; lastKnownFileType = sourcecode.cpp.cpp; path = Mesh.cpp; sourceTree = "<group>"; };
		C03CDDD5224DF3B1005D9DE5 /* Mesh.hpp */ = {isa = PBXFileReference; lastKnownFileType = sourcecode.cpp.h; path = Mesh.hpp; sourceTree = "<group>"; };
		C03CDDD7224DFBE1005D9DE5 /* MeshComponent.cpp */ = {isa = PBXFileReference; lastKnownFileType = sourcecode.cpp.cpp; path = MeshComponent.cpp; sourceTree = "<group>"; };
		C03CDDD8224DFBE1005D9DE5 /* MeshComponent.hpp */ = {isa = PBXFileReference; lastKnownFileType = sourcecode.cpp.h; path = MeshComponent.hpp; sourceTree = "<group>"; };
		C053DFE9224F02F900DFF32E /* ShipWithThrust.png */ = {isa = PBXFileReference; lastKnownFileType = image.png; path = ShipWithThrust.png; sourceTree = "<group>"; };
		C053DFEA224F02F900DFF32E /* Farback01.png */ = {isa = PBXFileReference; lastKnownFileType = image.png; path = Farback01.png; sourceTree = "<group>"; };
		C053DFEB224F02F900DFF32E /* Farback02.png */ = {isa = PBXFileReference; lastKnownFileType = image.png; path = Farback02.png; sourceTree = "<group>"; };
		C053DFEC224F02F900DFF32E /* Sphere.gpmesh */ = {isa = PBXFileReference; lastKnownFileType = text; path = Sphere.gpmesh; sourceTree = "<group>"; };
		C053DFED224F02F900DFF32E /* Ship.png */ = {isa = PBXFileReference; lastKnownFileType = image.png; path = Ship.png; sourceTree = "<group>"; };
		C053DFEE224F02F900DFF32E /* s_kao.png */ = {isa = PBXFileReference; lastKnownFileType = image.png; path = s_kao.png; sourceTree = "<group>"; };
		C053DFEF224F02F900DFF32E /* Character04.png */ = {isa = PBXFileReference; lastKnownFileType = image.png; path = Character04.png; sourceTree = "<group>"; };
		C053DFF0224F02F900DFF32E /* Character05.png */ = {isa = PBXFileReference; lastKnownFileType = image.png; path = Character05.png; sourceTree = "<group>"; };
		C053DFF1224F02F900DFF32E /* Laser.png */ = {isa = PBXFileReference; lastKnownFileType = image.png; path = Laser.png; sourceTree = "<group>"; };
		C053DFF2224F02F900DFF32E /* Character06.png */ = {isa = PBXFileReference; lastKnownFileType = image.png; path = Character06.png; sourceTree = "<group>"; };
		C053DFF3224F02F900DFF32E /* Character02.png */ = {isa = PBXFileReference; lastKnownFileType = image.png; path = Character02.png; sourceTree = "<group>"; };
		C053DFF4224F02F900DFF32E /* Character03.png */ = {isa = PBXFileReference; lastKnownFileType = image.png; path = Character03.png; sourceTree = "<group>"; };
		C053DFF5224F02F900DFF32E /* Character01.png */ = {isa = PBXFileReference; lastKnownFileType = image.png; path = Character01.png; sourceTree = "<group>"; };
		C053DFF6224F02F900DFF32E /* Plane.gpmesh */ = {isa = PBXFileReference; lastKnownFileType = text; path = Plane.gpmesh; sourceTree = "<group>"; };
		C053DFF7224F02F900DFF32E /* kao.png */ = {isa = PBXFileReference; lastKnownFileType = image.png; path = kao.png; sourceTree = "<group>"; };
		C053DFF8224F02F900DFF32E /* Stars.png */ = {isa = PBXFileReference; lastKnownFileType = image.png; path = Stars.png; sourceTree = "<group>"; };
		C053DFF9224F02F900DFF32E /* Cube.gpmesh */ = {isa = PBXFileReference; lastKnownFileType = text; path = Cube.gpmesh; sourceTree = "<group>"; };
		C053DFFC224F0B4000DFF32E /* Sprite.frag */ = {isa = PBXFileReference; lastKnownFileType = sourcecode.glsl; path = Sprite.frag; sourceTree = "<group>"; };
		C053DFFD224F0B4000DFF32E /* Sprite.vert */ = {isa = PBXFileReference; lastKnownFileType = sourcecode.glsl; path = Sprite.vert; sourceTree = "<group>"; };
		C053DFFE224F19A400DFF32E /* Phong.frag */ = {isa = PBXFileReference; lastKnownFileType = sourcecode.glsl; path = Phong.frag; sourceTree = "<group>"; };
		C053DFFF224F19A400DFF32E /* Phong.vert */ = {isa = PBXFileReference; lastKnownFileType = sourcecode.glsl; path = Phong.vert; sourceTree = "<group>"; };
		C053E000224F1B8D00DFF32E /* BasicMesh.vert */ = {isa = PBXFileReference; lastKnownFileType = sourcecode.glsl; path = BasicMesh.vert; sourceTree = "<group>"; };
		C053E001224F1B8D00DFF32E /* BasicMesh.frag */ = {isa = PBXFileReference; lastKnownFileType = sourcecode.glsl; path = BasicMesh.frag; sourceTree = "<group>"; };
		C053E0022251D8FE00DFF32E /* AudioSystem.cpp */ = {isa = PBXFileReference; lastKnownFileType = sourcecode.cpp.cpp; path = AudioSystem.cpp; sourceTree = "<group>"; };
		C053E0032251D8FE00DFF32E /* AudioSystem.hpp */ = {isa = PBXFileReference; lastKnownFileType = sourcecode.cpp.h; path = AudioSystem.hpp; sourceTree = "<group>"; };
		C053E0052251EBA900DFF32E /* SoundEvent.cpp */ = {isa = PBXFileReference; lastKnownFileType = sourcecode.cpp.cpp; path = SoundEvent.cpp; sourceTree = "<group>"; };
		C053E0062251EBA900DFF32E /* SoundEvent.hpp */ = {isa = PBXFileReference; lastKnownFileType = sourcecode.cpp.h; path = SoundEvent.hpp; sourceTree = "<group>"; };
		C053E0082252105A00DFF32E /* AudioComponent.cpp */ = {isa = PBXFileReference; lastKnownFileType = sourcecode.cpp.cpp; path = AudioComponent.cpp; sourceTree = "<group>"; };
		C053E0092252105A00DFF32E /* AudioComponent.hpp */ = {isa = PBXFileReference; lastKnownFileType = sourcecode.cpp.h; path = AudioComponent.hpp; sourceTree = "<group>"; };
		C05DF41322486C93003FD0F5 /* Shader.cpp */ = {isa = PBXFileReference; lastKnownFileType = sourcecode.cpp.cpp; path = Shader.cpp; sourceTree = "<group>"; };
		C05DF41422486C93003FD0F5 /* Shader.hpp */ = {isa = PBXFileReference; lastKnownFileType = sourcecode.cpp.h; path = Shader.hpp; sourceTree = "<group>"; };
		C05DF4162249115C003FD0F5 /* Texture.cpp */ = {isa = PBXFileReference; lastKnownFileType = sourcecode.cpp.cpp; path = Texture.cpp; sourceTree = "<group>"; };
		C05DF4172249115C003FD0F5 /* Texture.hpp */ = {isa = PBXFileReference; lastKnownFileType = sourcecode.cpp.h; path = Texture.hpp; sourceTree = "<group>"; };
		C05DF4192249128F003FD0F5 /* libGLEW.2.1.0.dylib */ = {isa = PBXFileReference; lastKnownFileType = "compiled.mach-o.dylib"; name = libGLEW.2.1.0.dylib; path = ../../code/External/GLEW/lib/mac/libGLEW.2.1.0.dylib; sourceTree = "<group>"; };
		C05DF41B22491590003FD0F5 /* libSOIL.a */ = {isa = PBXFileReference; lastKnownFileType = archive.ar; name = libSOIL.a; path = ../../code/External/SOIL/lib/mac/libSOIL.a; sourceTree = "<group>"; };
		C05DF41D224915A9003FD0F5 /* SOIL.lib */ = {isa = PBXFileReference; lastKnownFileType = archive.ar; name = SOIL.lib; path = ../../code/External/SOIL/lib/win/x86/SOIL.lib; sourceTree = "<group>"; };
		C05DF42022491A5E003FD0F5 /* libSOIL.a */ = {isa = PBXFileReference; lastKnownFileType = archive.ar; name = libSOIL.a; path = ../../../../../usr/local/lib/libSOIL.a; sourceTree = "<group>"; };
		C069B3572240A85D00DB509F /* tonyu0-1 */ = {isa = PBXFileReference; explicitFileType = "compiled.mach-o.executable"; includeInIndex = 0; path = "tonyu0-1"; sourceTree = BUILT_PRODUCTS_DIR; };
		C069B35A2240A85D00DB509F /* main.cpp */ = {isa = PBXFileReference; lastKnownFileType = sourcecode.cpp.cpp; path = main.cpp; sourceTree = "<group>"; };
		C069B3622240A88700DB509F /* Game.cpp */ = {isa = PBXFileReference; lastKnownFileType = sourcecode.cpp.cpp; path = Game.cpp; sourceTree = "<group>"; };
		C069B3632240A88700DB509F /* Game.hpp */ = {isa = PBXFileReference; lastKnownFileType = sourcecode.cpp.h; path = Game.hpp; sourceTree = "<group>"; };
		C069B3662240AFE700DB509F /* SDL2.framework */ = {isa = PBXFileReference; lastKnownFileType = wrapper.framework; name = SDL2.framework; path = ../../../../../Library/Frameworks/SDL2.framework; sourceTree = "<group>"; };
		C069B3692240BB4900DB509F /* SDL.framework */ = {isa = PBXFileReference; lastKnownFileType = wrapper.framework; name = SDL.framework; path = ../../../../../Library/Frameworks/SDL.framework; sourceTree = "<group>"; };
		C069B36B2240C0DA00DB509F /* libSDL2.a */ = {isa = PBXFileReference; lastKnownFileType = archive.ar; name = libSDL2.a; path = ../../../../../usr/local/lib/libSDL2.a; sourceTree = "<group>"; };
		C069B36D22413B6800DB509F /* Actor.cpp */ = {isa = PBXFileReference; lastKnownFileType = sourcecode.cpp.cpp; path = Actor.cpp; sourceTree = "<group>"; };
		C069B36E22413B6800DB509F /* Actor.hpp */ = {isa = PBXFileReference; lastKnownFileType = sourcecode.cpp.h; path = Actor.hpp; sourceTree = "<group>"; };
		C069B3702241403C00DB509F /* Component.cpp */ = {isa = PBXFileReference; lastKnownFileType = sourcecode.cpp.cpp; path = Component.cpp; sourceTree = "<group>"; };
		C069B3712241403C00DB509F /* Component.hpp */ = {isa = PBXFileReference; lastKnownFileType = sourcecode.cpp.h; path = Component.hpp; sourceTree = "<group>"; };
		C069B373224148DD00DB509F /* SDL2_image.framework */ = {isa = PBXFileReference; lastKnownFileType = wrapper.framework; name = SDL2_image.framework; path = ../../../../../Library/Frameworks/SDL2_image.framework; sourceTree = "<group>"; };
		C069B3752241E2DF00DB509F /* SpriteComponent.cpp */ = {isa = PBXFileReference; lastKnownFileType = sourcecode.cpp.cpp; path = SpriteComponent.cpp; sourceTree = "<group>"; };
		C069B3762241E2DF00DB509F /* SpriteComponent.hpp */ = {isa = PBXFileReference; lastKnownFileType = sourcecode.cpp.h; path = SpriteComponent.hpp; sourceTree = "<group>"; };
		C069B3782243168000DB509F /* Player.cpp */ = {isa = PBXFileReference; lastKnownFileType = sourcecode.cpp.cpp; path = Player.cpp; sourceTree = "<group>"; };
		C069B3792243168000DB509F /* Player.hpp */ = {isa = PBXFileReference; lastKnownFileType = sourcecode.cpp.h; path = Player.hpp; sourceTree = "<group>"; };
		C069B37B2243234600DB509F /* Math.cpp */ = {isa = PBXFileReference; lastKnownFileType = sourcecode.cpp.cpp; path = Math.cpp; sourceTree = "<group>"; };
		C069B37C2243234600DB509F /* Math.hpp */ = {isa = PBXFileReference; lastKnownFileType = sourcecode.cpp.h; path = Math.hpp; sourceTree = "<group>"; };
		C069B37E224332E500DB509F /* BGSpriteComponent.cpp */ = {isa = PBXFileReference; lastKnownFileType = sourcecode.cpp.cpp; path = BGSpriteComponent.cpp; sourceTree = "<group>"; };
		C069B37F224332E500DB509F /* BGSpriteComponent.hpp */ = {isa = PBXFileReference; lastKnownFileType = sourcecode.cpp.h; path = BGSpriteComponent.hpp; sourceTree = "<group>"; };
		C069B381224337BF00DB509F /* AnimSpriteComponent.cpp */ = {isa = PBXFileReference; lastKnownFileType = sourcecode.cpp.cpp; path = AnimSpriteComponent.cpp; sourceTree = "<group>"; };
		C069B382224337BF00DB509F /* AnimSpriteComponent.hpp */ = {isa = PBXFileReference; lastKnownFileType = sourcecode.cpp.h; path = AnimSpriteComponent.hpp; sourceTree = "<group>"; };
		C07B169722448CEE00818451 /* Enemy.cpp */ = {isa = PBXFileReference; lastKnownFileType = sourcecode.cpp.cpp; path = Enemy.cpp; sourceTree = "<group>"; };
		C07B169822448CEE00818451 /* Enemy.hpp */ = {isa = PBXFileReference; lastKnownFileType = sourcecode.cpp.h; path = Enemy.hpp; sourceTree = "<group>"; };
		C07B169A22448E4F00818451 /* Random.cpp */ = {isa = PBXFileReference; lastKnownFileType = sourcecode.cpp.cpp; path = Random.cpp; sourceTree = "<group>"; };
		C07B169B22448E4F00818451 /* Random.hpp */ = {isa = PBXFileReference; lastKnownFileType = sourcecode.cpp.h; path = Random.hpp; sourceTree = "<group>"; };
		C07B169D224496F600818451 /* MoveComponent.cpp */ = {isa = PBXFileReference; lastKnownFileType = sourcecode.cpp.cpp; path = MoveComponent.cpp; sourceTree = "<group>"; };
		C07B169E224496F600818451 /* MoveComponent.hpp */ = {isa = PBXFileReference; lastKnownFileType = sourcecode.cpp.h; path = MoveComponent.hpp; sourceTree = "<group>"; };
		C07B16A02244979000818451 /* InputComponent.cpp */ = {isa = PBXFileReference; lastKnownFileType = sourcecode.cpp.cpp; path = InputComponent.cpp; sourceTree = "<group>"; };
		C07B16A12244979000818451 /* InputComponent.hpp */ = {isa = PBXFileReference; lastKnownFileType = sourcecode.cpp.h; path = InputComponent.hpp; sourceTree = "<group>"; };
		C07B16A32245236300818451 /* CircleComponent.cpp */ = {isa = PBXFileReference; lastKnownFileType = sourcecode.cpp.cpp; path = CircleComponent.cpp; sourceTree = "<group>"; };
		C07B16A42245236300818451 /* CircleComponent.hpp */ = {isa = PBXFileReference; lastKnownFileType = sourcecode.cpp.h; path = CircleComponent.hpp; sourceTree = "<group>"; };
		C07B16A6224529ED00818451 /* Bullet.cpp */ = {isa = PBXFileReference; lastKnownFileType = sourcecode.cpp.cpp; path = Bullet.cpp; sourceTree = "<group>"; };
		C07B16A7224529ED00818451 /* Bullet.hpp */ = {isa = PBXFileReference; lastKnownFileType = sourcecode.cpp.h; path = Bullet.hpp; sourceTree = "<group>"; };
		C07B16A922453E7A00818451 /* OpenGL.framework */ = {isa = PBXFileReference; lastKnownFileType = wrapper.framework; name = OpenGL.framework; path = System/Library/Frameworks/OpenGL.framework; sourceTree = SDKROOT; };
		C09354F82249C5900098874B /* libSOIL.a */ = {isa = PBXFileReference; lastKnownFileType = archive.ar; name = libSOIL.a; path = SOIL/lib/mac/libSOIL.a; sourceTree = "<group>"; };
/* End PBXFileReference section */

/* Begin PBXFrameworksBuildPhase section */
		C069B3542240A85D00DB509F /* Frameworks */ = {
			isa = PBXFrameworksBuildPhase;
			buildActionMask = 2147483647;
			files = (
				C03CDDCF224DA0D4005D9DE5 /* CoreFoundation.framework in Frameworks */,
				C07B16AA22453E7A00818451 /* OpenGL.framework in Frameworks */,
			);
			runOnlyForDeploymentPostprocessing = 0;
		};
/* End PBXFrameworksBuildPhase section */

/* Begin PBXGroup section */
		C03CDDD1224DAA73005D9DE5 /* Shaders */ = {
			isa = PBXGroup;
			children = (
				C053E001224F1B8D00DFF32E /* BasicMesh.frag */,
				C053E000224F1B8D00DFF32E /* BasicMesh.vert */,
				C053DFFE224F19A400DFF32E /* Phong.frag */,
				C053DFFF224F19A400DFF32E /* Phong.vert */,
				C053DFFC224F0B4000DFF32E /* Sprite.frag */,
				C053DFFD224F0B4000DFF32E /* Sprite.vert */,
			);
			path = Shaders;
			sourceTree = SOURCE_ROOT;
		};
		C053DFE8224F02F900DFF32E /* Assets */ = {
			isa = PBXGroup;
			children = (
				C053DFE9224F02F900DFF32E /* ShipWithThrust.png */,
				C053DFEA224F02F900DFF32E /* Farback01.png */,
				C053DFEB224F02F900DFF32E /* Farback02.png */,
				C053DFEC224F02F900DFF32E /* Sphere.gpmesh */,
				C053DFED224F02F900DFF32E /* Ship.png */,
				C053DFEE224F02F900DFF32E /* s_kao.png */,
				C053DFEF224F02F900DFF32E /* Character04.png */,
				C053DFF0224F02F900DFF32E /* Character05.png */,
				C053DFF1224F02F900DFF32E /* Laser.png */,
				C053DFF2224F02F900DFF32E /* Character06.png */,
				C053DFF3224F02F900DFF32E /* Character02.png */,
				C053DFF4224F02F900DFF32E /* Character03.png */,
				C053DFF5224F02F900DFF32E /* Character01.png */,
				C053DFF6224F02F900DFF32E /* Plane.gpmesh */,
				C053DFF7224F02F900DFF32E /* kao.png */,
				C053DFF8224F02F900DFF32E /* Stars.png */,
				C053DFF9224F02F900DFF32E /* Cube.gpmesh */,
			);
			path = Assets;
			sourceTree = SOURCE_ROOT;
		};
		C069B34E2240A85D00DB509F = {
			isa = PBXGroup;
			children = (
				C069B3592240A85D00DB509F /* tonyu0-1 */,
				C069B3582240A85D00DB509F /* Products */,
				C069B3652240AFE700DB509F /* Frameworks */,
			);
			sourceTree = "<group>";
		};
		C069B3582240A85D00DB509F /* Products */ = {
			isa = PBXGroup;
			children = (
				C069B3572240A85D00DB509F /* tonyu0-1 */,
			);
			name = Products;
			sourceTree = "<group>";
		};
		C069B3592240A85D00DB509F /* tonyu0-1 */ = {
			isa = PBXGroup;
			children = (
				C069B35A2240A85D00DB509F /* main.cpp */,
				C069B381224337BF00DB509F /* AnimSpriteComponent.cpp */,
				C069B382224337BF00DB509F /* AnimSpriteComponent.hpp */,
				C053E0022251D8FE00DFF32E /* AudioSystem.cpp */,
				C053E0032251D8FE00DFF32E /* AudioSystem.hpp */,
				C053E0082252105A00DFF32E /* AudioComponent.cpp */,
				C053E0092252105A00DFF32E /* AudioComponent.hpp */,
				C053E0052251EBA900DFF32E /* SoundEvent.cpp */,
				C053E0062251EBA900DFF32E /* SoundEvent.hpp */,
				C069B37E224332E500DB509F /* BGSpriteComponent.cpp */,
				C069B37F224332E500DB509F /* BGSpriteComponent.hpp */,
				C07B16A32245236300818451 /* CircleComponent.cpp */,
				C07B16A42245236300818451 /* CircleComponent.hpp */,
				C07B16A02244979000818451 /* InputComponent.cpp */,
				C07B16A12244979000818451 /* InputComponent.hpp */,
				C07B169D224496F600818451 /* MoveComponent.cpp */,
				C07B169E224496F600818451 /* MoveComponent.hpp */,
				C069B3622240A88700DB509F /* Game.cpp */,
				C069B3632240A88700DB509F /* Game.hpp */,
				C07B16A6224529ED00818451 /* Bullet.cpp */,
				C07B16A7224529ED00818451 /* Bullet.hpp */,
				C069B36D22413B6800DB509F /* Actor.cpp */,
				C069B36E22413B6800DB509F /* Actor.hpp */,
				C069B3702241403C00DB509F /* Component.cpp */,
				C069B3712241403C00DB509F /* Component.hpp */,
				C069B3752241E2DF00DB509F /* SpriteComponent.cpp */,
				C069B3762241E2DF00DB509F /* SpriteComponent.hpp */,
				C05DF41322486C93003FD0F5 /* Shader.cpp */,
				C05DF41422486C93003FD0F5 /* Shader.hpp */,
				C069B3782243168000DB509F /* Player.cpp */,
				C069B3792243168000DB509F /* Player.hpp */,
				C07B169722448CEE00818451 /* Enemy.cpp */,
				C07B169822448CEE00818451 /* Enemy.hpp */,
				C03CABC12245A01900CC92FF /* VertexArray.cpp */,
				C03CABC22245A01900CC92FF /* VertexArray.hpp */,
				C05DF4162249115C003FD0F5 /* Texture.cpp */,
				C05DF4172249115C003FD0F5 /* Texture.hpp */,
				C069B37B2243234600DB509F /* Math.cpp */,
				C069B37C2243234600DB509F /* Math.hpp */,
				C03CDDD4224DF3B1005D9DE5 /* Mesh.cpp */,
				C03CDDD5224DF3B1005D9DE5 /* Mesh.hpp */,
				C03CDDD7224DFBE1005D9DE5 /* MeshComponent.cpp */,
				C03CDDD8224DFBE1005D9DE5 /* MeshComponent.hpp */,
				C07B169A22448E4F00818451 /* Random.cpp */,
				C07B169B22448E4F00818451 /* Random.hpp */,
				C053DFE8224F02F900DFF32E /* Assets */,
				C03CDDD1224DAA73005D9DE5 /* Shaders */,
			);
			path = "tonyu0-1";
			sourceTree = "<group>";
		};
		C069B3652240AFE700DB509F /* Frameworks */ = {
			isa = PBXGroup;
			children = (
				C03CDDCE224DA0D4005D9DE5 /* CoreFoundation.framework */,
				C05DF42022491A5E003FD0F5 /* libSOIL.a */,
				C09354F82249C5900098874B /* libSOIL.a */,
				C05DF41D224915A9003FD0F5 /* SOIL.lib */,
				C05DF41B22491590003FD0F5 /* libSOIL.a */,
				C05DF4192249128F003FD0F5 /* libGLEW.2.1.0.dylib */,
				C07B16A922453E7A00818451 /* OpenGL.framework */,
				C069B373224148DD00DB509F /* SDL2_image.framework */,
				C069B36B2240C0DA00DB509F /* libSDL2.a */,
				C069B3692240BB4900DB509F /* SDL.framework */,
				C069B3662240AFE700DB509F /* SDL2.framework */,
			);
			name = Frameworks;
			sourceTree = "<group>";
		};
/* End PBXGroup section */

/* Begin PBXNativeTarget section */
		C069B3562240A85D00DB509F /* tonyu0-1 */ = {
			isa = PBXNativeTarget;
			buildConfigurationList = C069B35E2240A85D00DB509F /* Build configuration list for PBXNativeTarget "tonyu0-1" */;
			buildPhases = (
				C069B3532240A85D00DB509F /* Sources */,
				C069B3542240A85D00DB509F /* Frameworks */,
				C069B3552240A85D00DB509F /* CopyFiles */,
				C03CDDD0224DA3F6005D9DE5 /* ShellScript */,
			);
			buildRules = (
			);
			dependencies = (
			);
			name = "tonyu0-1";
			productName = "tonyu0-1";
			productReference = C069B3572240A85D00DB509F /* tonyu0-1 */;
			productType = "com.apple.product-type.tool";
		};
/* End PBXNativeTarget section */

/* Begin PBXProject section */
		C069B34F2240A85D00DB509F /* Project object */ = {
			isa = PBXProject;
			attributes = {
				LastUpgradeCheck = 1010;
				ORGANIZATIONNAME = Nakagawa;
				TargetAttributes = {
					C069B3562240A85D00DB509F = {
						CreatedOnToolsVersion = 10.1;
					};
				};
			};
			buildConfigurationList = C069B3522240A85D00DB509F /* Build configuration list for PBXProject "tonyu0-1" */;
			compatibilityVersion = "Xcode 9.3";
			developmentRegion = en;
			hasScannedForEncodings = 0;
			knownRegions = (
				en,
			);
			mainGroup = C069B34E2240A85D00DB509F;
			productRefGroup = C069B3582240A85D00DB509F /* Products */;
			projectDirPath = "";
			projectRoot = "";
			targets = (
				C069B3562240A85D00DB509F /* tonyu0-1 */,
			);
		};
/* End PBXProject section */

/* Begin PBXShellScriptBuildPhase section */
		C03CDDD0224DA3F6005D9DE5 /* ShellScript */ = {
			isa = PBXShellScriptBuildPhase;
			buildActionMask = 2147483647;
			files = (
			);
			inputFileListPaths = (
			);
			inputPaths = (
			);
			outputFileListPaths = (
			);
			outputPaths = (
			);
			runOnlyForDeploymentPostprocessing = 0;
			shellPath = /bin/sh;
			shellScript = "# Type a script or drag a script file from your workspace to insert its path.\nif [ -d \"$BUILD_DIR/Debug\" ]; then\ncp \"$SRCROOT\"/../external/GLEW/lib/mac/*.dylib $BUILD_DIR/Debug\ncp \"$SRCROOT\"/../external/SDL/lib/mac/*.dylib $BUILD_DIR/Debug\ncp \"$SRCROOT\"/../external/FMOD/\"FMOD Programmers API\"/api/lowlevel/lib/*.dylib $BUILD_DIR/Debug\ncp \"$SRCROOT\"/../external/FMOD/\"FMOD Programmers API\"/api/studio/lib/*.dylib $BUILD_DIR/Debug\nfi\n\nif [ -d \"$BUILD_DIR/Release\" ]; then\ncp \"$SRCROOT\"/../external/GLEW/lib/mac/*.dylib $BUILD_DIR/Release\ncp \"$SRCROOT\"/../external/SDL/lib/mac/*.dylib $BUILD_DIR/Release\ncp \"$SRCROOT\"/../external/FMOD/\"FMOD Programmers API\"/api/lowlevel/lib/*.dylib $BUILD_DIR/Release\ncp \"$SRCROOT\"/../external/FMOD/\"FMOD Programmers API\"/api/studio/lib/*.dylib $BUILD_DIR/Release\nfi\n";
		};
/* End PBXShellScriptBuildPhase section */

/* Begin PBXSourcesBuildPhase section */
		C069B3532240A85D00DB509F /* Sources */ = {
			isa = PBXSourcesBuildPhase;
			buildActionMask = 2147483647;
			files = (
				C07B16A22244979000818451 /* InputComponent.cpp in Sources */,
				C03CDDD9224DFBE1005D9DE5 /* MeshComponent.cpp in Sources */,
				C07B169C22448E4F00818451 /* Random.cpp in Sources */,
				C053E0042251D8FE00DFF32E /* AudioSystem.cpp in Sources */,
				C07B16A52245236300818451 /* CircleComponent.cpp in Sources */,
				C07B16A8224529ED00818451 /* Bullet.cpp in Sources */,
				C069B3682240B94B00DB509F /* Game.hpp in Sources */,
				C069B37A2243168000DB509F /* Player.cpp in Sources */,
				C07B169F224496F600818451 /* MoveComponent.cpp in Sources */,
				C069B35B2240A85D00DB509F /* main.cpp in Sources */,
				C069B37D2243234600DB509F /* Math.cpp in Sources */,
				C053E0072251EBA900DFF32E /* SoundEvent.cpp in Sources */,
				C069B3772241E2DF00DB509F /* SpriteComponent.cpp in Sources */,
				C05DF41522486C93003FD0F5 /* Shader.cpp in Sources */,
				C069B3642240A88700DB509F /* Game.cpp in Sources */,
				C03CABC32245A01900CC92FF /* VertexArray.cpp in Sources */,
				C053E00A2252105A00DFF32E /* AudioComponent.cpp in Sources */,
				C05DF4182249115C003FD0F5 /* Texture.cpp in Sources */,
				C03CDDD6224DF3B1005D9DE5 /* Mesh.cpp in Sources */,
				C069B36F22413B6800DB509F /* Actor.cpp in Sources */,
				C069B3722241403C00DB509F /* Component.cpp in Sources */,
				C069B380224332E500DB509F /* BGSpriteComponent.cpp in Sources */,
				C07B169922448CEE00818451 /* Enemy.cpp in Sources */,
				C069B383224337BF00DB509F /* AnimSpriteComponent.cpp in Sources */,
			);
			runOnlyForDeploymentPostprocessing = 0;
		};
/* End PBXSourcesBuildPhase section */

/* Begin XCBuildConfiguration section */
		C069B35C2240A85D00DB509F /* Debug */ = {
			isa = XCBuildConfiguration;
			buildSettings = {
				ALWAYS_SEARCH_USER_PATHS = NO;
				CLANG_ANALYZER_NONNULL = YES;
				CLANG_ANALYZER_NUMBER_OBJECT_CONVERSION = YES_AGGRESSIVE;
				CLANG_CXX_LANGUAGE_STANDARD = "gnu++14";
				CLANG_CXX_LIBRARY = "libc++";
				CLANG_ENABLE_MODULES = YES;
				CLANG_ENABLE_OBJC_ARC = YES;
				CLANG_ENABLE_OBJC_WEAK = YES;
				CLANG_WARN_BLOCK_CAPTURE_AUTORELEASING = YES;
				CLANG_WARN_BOOL_CONVERSION = YES;
				CLANG_WARN_COMMA = YES;
				CLANG_WARN_CONSTANT_CONVERSION = YES;
				CLANG_WARN_DEPRECATED_OBJC_IMPLEMENTATIONS = YES;
				CLANG_WARN_DIRECT_OBJC_ISA_USAGE = YES_ERROR;
				CLANG_WARN_DOCUMENTATION_COMMENTS = YES;
				CLANG_WARN_EMPTY_BODY = YES;
				CLANG_WARN_ENUM_CONVERSION = YES;
				CLANG_WARN_INFINITE_RECURSION = YES;
				CLANG_WARN_INT_CONVERSION = YES;
				CLANG_WARN_NON_LITERAL_NULL_CONVERSION = YES;
				CLANG_WARN_OBJC_IMPLICIT_RETAIN_SELF = YES;
				CLANG_WARN_OBJC_LITERAL_CONVERSION = YES;
				CLANG_WARN_OBJC_ROOT_CLASS = YES_ERROR;
				CLANG_WARN_RANGE_LOOP_ANALYSIS = YES;
				CLANG_WARN_STRICT_PROTOTYPES = YES;
				CLANG_WARN_SUSPICIOUS_MOVE = YES;
				CLANG_WARN_UNGUARDED_AVAILABILITY = YES_AGGRESSIVE;
				CLANG_WARN_UNREACHABLE_CODE = YES;
				CLANG_WARN__DUPLICATE_METHOD_MATCH = YES;
				CODE_SIGN_IDENTITY = "Mac Developer";
				COPY_PHASE_STRIP = NO;
				DEBUG_INFORMATION_FORMAT = dwarf;
				ENABLE_STRICT_OBJC_MSGSEND = YES;
				ENABLE_TESTABILITY = YES;
				GCC_C_LANGUAGE_STANDARD = gnu11;
				GCC_DYNAMIC_NO_PIC = NO;
				GCC_NO_COMMON_BLOCKS = YES;
				GCC_OPTIMIZATION_LEVEL = 0;
				GCC_PREPROCESSOR_DEFINITIONS = (
					"DEBUG=1",
					"$(inherited)",
				);
				GCC_WARN_64_TO_32_BIT_CONVERSION = YES;
				GCC_WARN_ABOUT_RETURN_TYPE = YES_ERROR;
				GCC_WARN_UNDECLARED_SELECTOR = YES;
				GCC_WARN_UNINITIALIZED_AUTOS = YES_AGGRESSIVE;
				GCC_WARN_UNUSED_FUNCTION = YES;
				GCC_WARN_UNUSED_VARIABLE = YES;
				MACOSX_DEPLOYMENT_TARGET = 10.14;
				MTL_ENABLE_DEBUG_INFO = INCLUDE_SOURCE;
				MTL_FAST_MATH = YES;
				ONLY_ACTIVE_ARCH = YES;
				SDKROOT = macosx;
			};
			name = Debug;
		};
		C069B35D2240A85D00DB509F /* Release */ = {
			isa = XCBuildConfiguration;
			buildSettings = {
				ALWAYS_SEARCH_USER_PATHS = NO;
				CLANG_ANALYZER_NONNULL = YES;
				CLANG_ANALYZER_NUMBER_OBJECT_CONVERSION = YES_AGGRESSIVE;
				CLANG_CXX_LANGUAGE_STANDARD = "gnu++14";
				CLANG_CXX_LIBRARY = "libc++";
				CLANG_ENABLE_MODULES = YES;
				CLANG_ENABLE_OBJC_ARC = YES;
				CLANG_ENABLE_OBJC_WEAK = YES;
				CLANG_WARN_BLOCK_CAPTURE_AUTORELEASING = YES;
				CLANG_WARN_BOOL_CONVERSION = YES;
				CLANG_WARN_COMMA = YES;
				CLANG_WARN_CONSTANT_CONVERSION = YES;
				CLANG_WARN_DEPRECATED_OBJC_IMPLEMENTATIONS = YES;
				CLANG_WARN_DIRECT_OBJC_ISA_USAGE = YES_ERROR;
				CLANG_WARN_DOCUMENTATION_COMMENTS = YES;
				CLANG_WARN_EMPTY_BODY = YES;
				CLANG_WARN_ENUM_CONVERSION = YES;
				CLANG_WARN_INFINITE_RECURSION = YES;
				CLANG_WARN_INT_CONVERSION = YES;
				CLANG_WARN_NON_LITERAL_NULL_CONVERSION = YES;
				CLANG_WARN_OBJC_IMPLICIT_RETAIN_SELF = YES;
				CLANG_WARN_OBJC_LITERAL_CONVERSION = YES;
				CLANG_WARN_OBJC_ROOT_CLASS = YES_ERROR;
				CLANG_WARN_RANGE_LOOP_ANALYSIS = YES;
				CLANG_WARN_STRICT_PROTOTYPES = YES;
				CLANG_WARN_SUSPICIOUS_MOVE = YES;
				CLANG_WARN_UNGUARDED_AVAILABILITY = YES_AGGRESSIVE;
				CLANG_WARN_UNREACHABLE_CODE = YES;
				CLANG_WARN__DUPLICATE_METHOD_MATCH = YES;
				CODE_SIGN_IDENTITY = "Mac Developer";
				COPY_PHASE_STRIP = NO;
				DEBUG_INFORMATION_FORMAT = "dwarf-with-dsym";
				ENABLE_NS_ASSERTIONS = NO;
				ENABLE_STRICT_OBJC_MSGSEND = YES;
				GCC_C_LANGUAGE_STANDARD = gnu11;
				GCC_NO_COMMON_BLOCKS = YES;
				GCC_WARN_64_TO_32_BIT_CONVERSION = YES;
				GCC_WARN_ABOUT_RETURN_TYPE = YES_ERROR;
				GCC_WARN_UNDECLARED_SELECTOR = YES;
				GCC_WARN_UNINITIALIZED_AUTOS = YES_AGGRESSIVE;
				GCC_WARN_UNUSED_FUNCTION = YES;
				GCC_WARN_UNUSED_VARIABLE = YES;
				MACOSX_DEPLOYMENT_TARGET = 10.14;
				MTL_ENABLE_DEBUG_INFO = NO;
				MTL_FAST_MATH = YES;
				SDKROOT = macosx;
			};
			name = Release;
		};
		C069B35F2240A85D00DB509F /* Debug */ = {
			isa = XCBuildConfiguration;
			buildSettings = {
				ALWAYS_SEARCH_USER_PATHS = NO;
				CODE_SIGN_STYLE = Automatic;
				DEVELOPMENT_TEAM = 6T6N76446H;
				FRAMEWORK_SEARCH_PATHS = "";
				HEADER_SEARCH_PATHS = (
					/Applications/Xcode.app/Contents/Developer/Toolchains/XcodeDefault.xctoolchain/usr/include,
					"$(SRCROOT)/../external/SOIL/include",
					"$(SRCROOT)/../external/SDL/include",
					"$(SRCROOT)/../external/GLEW/include",
					"$(SRCROOT)/../external/rapidjson/include",
					"$(SRCROOT)/../external/FMOD/\"FMOD Programmers API\"/api/lowlevel/inc",
					"$(SRCROOT)/../external/FMOD/\"FMOD Programmers API\"/api/studio/inc",
				);
				LIBRARY_SEARCH_PATHS = (
					"$(SRCROOT)/../external/SOIL/lib/mac",
					"$(SRCROOT)/../external/SDL/lib/mac",
					"$(SRCROOT)/../external/GLEW/lib/mac",
					"$(SRCROOT)/../external/FMOD/\"FMOD Programmers API\"/api/lowlevel/lib",
					"$(SRCROOT)/../external/FMOD/\"FMOD Programmers API\"/api/studio/lib",
				);
				OTHER_LDFLAGS = (
					"-lSOIL",
					"-lGLEW.2.1.0",
					"-lSDL2-2.0.0",
					"-lSDL2_image-2.0.0",
					"-lSDL2_ttf-2.0.0",
					"-lSDL2_mixer-2.0.0",
					"-lfmodstudioL",
					"-lfmodL",
				);
				PRODUCT_NAME = "$(TARGET_NAME)";
			};
			name = Debug;
		};
		C069B3602240A85D00DB509F /* Release */ = {
			isa = XCBuildConfiguration;
			buildSettings = {
				ALWAYS_SEARCH_USER_PATHS = NO;
				CODE_SIGN_STYLE = Automatic;
				DEVELOPMENT_TEAM = 6T6N76446H;
				FRAMEWORK_SEARCH_PATHS = "";
				HEADER_SEARCH_PATHS = (
					/Applications/Xcode.app/Contents/Developer/Toolchains/XcodeDefault.xctoolchain/usr/include,
					"$(SRCROOT)/../external/SOIL/include",
					"$(SRCROOT)/../external/SDL/include",
					"$(SRCROOT)/../external/GLEW/include",
					"$(SRCROOT)/../external/rapidjson/include",
					"$(SRCROOT)/../external/FMOD/\"FMOD Programmers API\"/api/lowlevel/inc",
					"$(SRCROOT)/../external/FMOD/\"FMOD Programmers API\"/api/studio/inc",
				);
				LIBRARY_SEARCH_PATHS = (
					"$(SRCROOT)/../external/SOIL/lib/mac",
					"$(SRCROOT)/../external/SDL/lib/mac",
					"$(SRCROOT)/../external/GLEW/lib/mac",
					"$(SRCROOT)/../external/FMOD/\"FMOD Programmers API\"/api/lowlevel/lib",
					"$(SRCROOT)/../external/FMOD/\"FMOD Programmers API\"/api/studio/lib",
				);
				OTHER_LDFLAGS = (
					"-lSOIL",
					"-lGLEW.2.1.0",
					"-lSDL2-2.0.0",
					"-lSDL2_image-2.0.0",
					"-lSDL2_ttf-2.0.0",
					"-lSDL2_mixer-2.0.0",
					"-lfmodstudioL",
					"-lfmodL",
				);
				PRODUCT_NAME = "$(TARGET_NAME)";
			};
			name = Release;
		};
/* End XCBuildConfiguration section */

/* Begin XCConfigurationList section */
		C069B3522240A85D00DB509F /* Build configuration list for PBXProject "tonyu0-1" */ = {
			isa = XCConfigurationList;
			buildConfigurations = (
				C069B35C2240A85D00DB509F /* Debug */,
				C069B35D2240A85D00DB509F /* Release */,
			);
			defaultConfigurationIsVisible = 0;
			defaultConfigurationName = Release;
		};
		C069B35E2240A85D00DB509F /* Build configuration list for PBXNativeTarget "tonyu0-1" */ = {
			isa = XCConfigurationList;
			buildConfigurations = (
				C069B35F2240A85D00DB509F /* Debug */,
				C069B3602240A85D00DB509F /* Release */,
			);
			defaultConfigurationIsVisible = 0;
			defaultConfigurationName = Release;
		};
/* End XCConfigurationList section */
	};
	rootObject = C069B34F2240A85D00DB509F /* Project object */;
}
