// !$*UTF8*$!
{
	archiveVersion = 1;
	classes = {
	};
	objectVersion = 50;
	objects = {

/* Begin PBXBuildFile section */
		C03CABC32245A01900CC92FF /* VertexArray.cpp in Sources */ = {isa = PBXBuildFile; fileRef = C03CABC12245A01900CC92FF /* VertexArray.cpp */; };
		C069B35B2240A85D00DB509F /* main.cpp in Sources */ = {isa = PBXBuildFile; fileRef = C069B35A2240A85D00DB509F /* main.cpp */; };
		C069B3642240A88700DB509F /* Game.cpp in Sources */ = {isa = PBXBuildFile; fileRef = C069B3622240A88700DB509F /* Game.cpp */; };
		C069B3672240AFE700DB509F /* SDL2.framework in Frameworks */ = {isa = PBXBuildFile; fileRef = C069B3662240AFE700DB509F /* SDL2.framework */; };
		C069B3682240B94B00DB509F /* Game.hpp in Sources */ = {isa = PBXBuildFile; fileRef = C069B3632240A88700DB509F /* Game.hpp */; };
		C069B36F22413B6800DB509F /* Actor.cpp in Sources */ = {isa = PBXBuildFile; fileRef = C069B36D22413B6800DB509F /* Actor.cpp */; };
		C069B3722241403C00DB509F /* Component.cpp in Sources */ = {isa = PBXBuildFile; fileRef = C069B3702241403C00DB509F /* Component.cpp */; };
		C069B374224148DD00DB509F /* SDL2_image.framework in Frameworks */ = {isa = PBXBuildFile; fileRef = C069B373224148DD00DB509F /* SDL2_image.framework */; };
		C069B3772241E2DF00DB509F /* SpriteComponent.cpp in Sources */ = {isa = PBXBuildFile; fileRef = C069B3752241E2DF00DB509F /* SpriteComponent.cpp */; };
		C069B37A2243168000DB509F /* Player.cpp in Sources */ = {isa = PBXBuildFile; fileRef = C069B3782243168000DB509F /* Player.cpp */; };
		C069B37D2243234600DB509F /* Math.cpp in Sources */ = {isa = PBXBuildFile; fileRef = C069B37B2243234600DB509F /* Math.cpp */; };
		C069B380224332E500DB509F /* BGSpriteComponent.cpp in Sources */ = {isa = PBXBuildFile; fileRef = C069B37E224332E500DB509F /* BGSpriteComponent.cpp */; };
		C069B383224337BF00DB509F /* AnimSpriteComponent.cpp in Sources */ = {isa = PBXBuildFile; fileRef = C069B381224337BF00DB509F /* AnimSpriteComponent.cpp */; };
		C07B169922448CEE00818451 /* Enemy.cpp in Sources */ = {isa = PBXBuildFile; fileRef = C07B169722448CEE00818451 /* Enemy.cpp */; };
		C07B169C22448E4F00818451 /* Random.cpp in Sources */ = {isa = PBXBuildFile; fileRef = C07B169A22448E4F00818451 /* Random.cpp */; };
		C07B169F224496F600818451 /* MoveComponent.cpp in Sources */ = {isa = PBXBuildFile; fileRef = C07B169D224496F600818451 /* MoveComponent.cpp */; };
		C07B16A22244979000818451 /* InputComponent.cpp in Sources */ = {isa = PBXBuildFile; fileRef = C07B16A02244979000818451 /* InputComponent.cpp */; };
		C07B16A52245236300818451 /* CircleComponent.cpp in Sources */ = {isa = PBXBuildFile; fileRef = C07B16A32245236300818451 /* CircleComponent.cpp */; };
		C07B16A8224529ED00818451 /* Bullet.cpp in Sources */ = {isa = PBXBuildFile; fileRef = C07B16A6224529ED00818451 /* Bullet.cpp */; };
		C07B16AA22453E7A00818451 /* OpenGL.framework in Frameworks */ = {isa = PBXBuildFile; fileRef = C07B16A922453E7A00818451 /* OpenGL.framework */; };
/* End PBXBuildFile section */

/* Begin PBXCopyFilesBuildPhase section */
		C069B3552240A85D00DB509F /* CopyFiles */ = {
			isa = PBXCopyFilesBuildPhase;
			buildActionMask = 2147483647;
			dstPath = /usr/share/man/man1/;
			dstSubfolderSpec = 0;
			files = (
			);
			runOnlyForDeploymentPostprocessing = 1;
		};
/* End PBXCopyFilesBuildPhase section */

/* Begin PBXFileReference section */
		C03CABC12245A01900CC92FF /* VertexArray.cpp */ = {isa = PBXFileReference; lastKnownFileType = sourcecode.cpp.cpp; path = VertexArray.cpp; sourceTree = "<group>"; };
		C03CABC22245A01900CC92FF /* VertexArray.hpp */ = {isa = PBXFileReference; lastKnownFileType = sourcecode.cpp.h; path = VertexArray.hpp; sourceTree = "<group>"; };
		C069B3572240A85D00DB509F /* tonyu0-1 */ = {isa = PBXFileReference; explicitFileType = "compiled.mach-o.executable"; includeInIndex = 0; path = "tonyu0-1"; sourceTree = BUILT_PRODUCTS_DIR; };
		C069B35A2240A85D00DB509F /* main.cpp */ = {isa = PBXFileReference; lastKnownFileType = sourcecode.cpp.cpp; path = main.cpp; sourceTree = "<group>"; };
		C069B3622240A88700DB509F /* Game.cpp */ = {isa = PBXFileReference; lastKnownFileType = sourcecode.cpp.cpp; path = Game.cpp; sourceTree = "<group>"; };
		C069B3632240A88700DB509F /* Game.hpp */ = {isa = PBXFileReference; lastKnownFileType = sourcecode.cpp.h; path = Game.hpp; sourceTree = "<group>"; };
		C069B3662240AFE700DB509F /* SDL2.framework */ = {isa = PBXFileReference; lastKnownFileType = wrapper.framework; name = SDL2.framework; path = ../../../../../Library/Frameworks/SDL2.framework; sourceTree = "<group>"; };
		C069B3692240BB4900DB509F /* SDL.framework */ = {isa = PBXFileReference; lastKnownFileType = wrapper.framework; name = SDL.framework; path = ../../../../../Library/Frameworks/SDL.framework; sourceTree = "<group>"; };
		C069B36B2240C0DA00DB509F /* libSDL2.a */ = {isa = PBXFileReference; lastKnownFileType = archive.ar; name = libSDL2.a; path = ../../../../../usr/local/lib/libSDL2.a; sourceTree = "<group>"; };
		C069B36D22413B6800DB509F /* Actor.cpp */ = {isa = PBXFileReference; lastKnownFileType = sourcecode.cpp.cpp; path = Actor.cpp; sourceTree = "<group>"; };
		C069B36E22413B6800DB509F /* Actor.hpp */ = {isa = PBXFileReference; lastKnownFileType = sourcecode.cpp.h; path = Actor.hpp; sourceTree = "<group>"; };
		C069B3702241403C00DB509F /* Component.cpp */ = {isa = PBXFileReference; lastKnownFileType = sourcecode.cpp.cpp; path = Component.cpp; sourceTree = "<group>"; };
		C069B3712241403C00DB509F /* Component.hpp */ = {isa = PBXFileReference; lastKnownFileType = sourcecode.cpp.h; path = Component.hpp; sourceTree = "<group>"; };
		C069B373224148DD00DB509F /* SDL2_image.framework */ = {isa = PBXFileReference; lastKnownFileType = wrapper.framework; name = SDL2_image.framework; path = ../../../../../Library/Frameworks/SDL2_image.framework; sourceTree = "<group>"; };
		C069B3752241E2DF00DB509F /* SpriteComponent.cpp */ = {isa = PBXFileReference; lastKnownFileType = sourcecode.cpp.cpp; path = SpriteComponent.cpp; sourceTree = "<group>"; };
		C069B3762241E2DF00DB509F /* SpriteComponent.hpp */ = {isa = PBXFileReference; lastKnownFileType = sourcecode.cpp.h; path = SpriteComponent.hpp; sourceTree = "<group>"; };
		C069B3782243168000DB509F /* Player.cpp */ = {isa = PBXFileReference; lastKnownFileType = sourcecode.cpp.cpp; path = Player.cpp; sourceTree = "<group>"; };
		C069B3792243168000DB509F /* Player.hpp */ = {isa = PBXFileReference; lastKnownFileType = sourcecode.cpp.h; path = Player.hpp; sourceTree = "<group>"; };
		C069B37B2243234600DB509F /* Math.cpp */ = {isa = PBXFileReference; lastKnownFileType = sourcecode.cpp.cpp; path = Math.cpp; sourceTree = "<group>"; };
		C069B37C2243234600DB509F /* Math.hpp */ = {isa = PBXFileReference; lastKnownFileType = sourcecode.cpp.h; path = Math.hpp; sourceTree = "<group>"; };
		C069B37E224332E500DB509F /* BGSpriteComponent.cpp */ = {isa = PBXFileReference; lastKnownFileType = sourcecode.cpp.cpp; path = BGSpriteComponent.cpp; sourceTree = "<group>"; };
		C069B37F224332E500DB509F /* BGSpriteComponent.hpp */ = {isa = PBXFileReference; lastKnownFileType = sourcecode.cpp.h; path = BGSpriteComponent.hpp; sourceTree = "<group>"; };
		C069B381224337BF00DB509F /* AnimSpriteComponent.cpp */ = {isa = PBXFileReference; lastKnownFileType = sourcecode.cpp.cpp; path = AnimSpriteComponent.cpp; sourceTree = "<group>"; };
		C069B382224337BF00DB509F /* AnimSpriteComponent.hpp */ = {isa = PBXFileReference; lastKnownFileType = sourcecode.cpp.h; path = AnimSpriteComponent.hpp; sourceTree = "<group>"; };
		C07B169722448CEE00818451 /* Enemy.cpp */ = {isa = PBXFileReference; lastKnownFileType = sourcecode.cpp.cpp; path = Enemy.cpp; sourceTree = "<group>"; };
		C07B169822448CEE00818451 /* Enemy.hpp */ = {isa = PBXFileReference; lastKnownFileType = sourcecode.cpp.h; path = Enemy.hpp; sourceTree = "<group>"; };
		C07B169A22448E4F00818451 /* Random.cpp */ = {isa = PBXFileReference; lastKnownFileType = sourcecode.cpp.cpp; path = Random.cpp; sourceTree = "<group>"; };
		C07B169B22448E4F00818451 /* Random.hpp */ = {isa = PBXFileReference; lastKnownFileType = sourcecode.cpp.h; path = Random.hpp; sourceTree = "<group>"; };
		C07B169D224496F600818451 /* MoveComponent.cpp */ = {isa = PBXFileReference; lastKnownFileType = sourcecode.cpp.cpp; path = MoveComponent.cpp; sourceTree = "<group>"; };
		C07B169E224496F600818451 /* MoveComponent.hpp */ = {isa = PBXFileReference; lastKnownFileType = sourcecode.cpp.h; path = MoveComponent.hpp; sourceTree = "<group>"; };
		C07B16A02244979000818451 /* InputComponent.cpp */ = {isa = PBXFileReference; lastKnownFileType = sourcecode.cpp.cpp; path = InputComponent.cpp; sourceTree = "<group>"; };
		C07B16A12244979000818451 /* InputComponent.hpp */ = {isa = PBXFileReference; lastKnownFileType = sourcecode.cpp.h; path = InputComponent.hpp; sourceTree = "<group>"; };
		C07B16A32245236300818451 /* CircleComponent.cpp */ = {isa = PBXFileReference; lastKnownFileType = sourcecode.cpp.cpp; path = CircleComponent.cpp; sourceTree = "<group>"; };
		C07B16A42245236300818451 /* CircleComponent.hpp */ = {isa = PBXFileReference; lastKnownFileType = sourcecode.cpp.h; path = CircleComponent.hpp; sourceTree = "<group>"; };
		C07B16A6224529ED00818451 /* Bullet.cpp */ = {isa = PBXFileReference; lastKnownFileType = sourcecode.cpp.cpp; path = Bullet.cpp; sourceTree = "<group>"; };
		C07B16A7224529ED00818451 /* Bullet.hpp */ = {isa = PBXFileReference; lastKnownFileType = sourcecode.cpp.h; path = Bullet.hpp; sourceTree = "<group>"; };
		C07B16A922453E7A00818451 /* OpenGL.framework */ = {isa = PBXFileReference; lastKnownFileType = wrapper.framework; name = OpenGL.framework; path = System/Library/Frameworks/OpenGL.framework; sourceTree = SDKROOT; };
/* End PBXFileReference section */

/* Begin PBXFrameworksBuildPhase section */
		C069B3542240A85D00DB509F /* Frameworks */ = {
			isa = PBXFrameworksBuildPhase;
			buildActionMask = 2147483647;
			files = (
				C07B16AA22453E7A00818451 /* OpenGL.framework in Frameworks */,
				C069B374224148DD00DB509F /* SDL2_image.framework in Frameworks */,
				C069B3672240AFE700DB509F /* SDL2.framework in Frameworks */,
			);
			runOnlyForDeploymentPostprocessing = 0;
		};
/* End PBXFrameworksBuildPhase section */

/* Begin PBXGroup section */
		C069B34E2240A85D00DB509F = {
			isa = PBXGroup;
			children = (
				C069B3592240A85D00DB509F /* tonyu0-1 */,
				C069B3582240A85D00DB509F /* Products */,
				C069B3652240AFE700DB509F /* Frameworks */,
			);
			sourceTree = "<group>";
		};
		C069B3582240A85D00DB509F /* Products */ = {
			isa = PBXGroup;
			children = (
				C069B3572240A85D00DB509F /* tonyu0-1 */,
			);
			name = Products;
			sourceTree = "<group>";
		};
		C069B3592240A85D00DB509F /* tonyu0-1 */ = {
			isa = PBXGroup;
			children = (
				C069B35A2240A85D00DB509F /* main.cpp */,
				C069B381224337BF00DB509F /* AnimSpriteComponent.cpp */,
				C069B382224337BF00DB509F /* AnimSpriteComponent.hpp */,
				C069B37E224332E500DB509F /* BGSpriteComponent.cpp */,
				C069B37F224332E500DB509F /* BGSpriteComponent.hpp */,
				C07B16A32245236300818451 /* CircleComponent.cpp */,
				C07B16A42245236300818451 /* CircleComponent.hpp */,
				C07B16A02244979000818451 /* InputComponent.cpp */,
				C07B16A12244979000818451 /* InputComponent.hpp */,
				C07B169D224496F600818451 /* MoveComponent.cpp */,
				C07B169E224496F600818451 /* MoveComponent.hpp */,
				C069B3622240A88700DB509F /* Game.cpp */,
				C069B3632240A88700DB509F /* Game.hpp */,
				C07B16A6224529ED00818451 /* Bullet.cpp */,
				C07B16A7224529ED00818451 /* Bullet.hpp */,
				C069B36D22413B6800DB509F /* Actor.cpp */,
				C069B36E22413B6800DB509F /* Actor.hpp */,
				C069B3702241403C00DB509F /* Component.cpp */,
				C069B3712241403C00DB509F /* Component.hpp */,
				C069B3752241E2DF00DB509F /* SpriteComponent.cpp */,
				C069B3762241E2DF00DB509F /* SpriteComponent.hpp */,
				C069B3782243168000DB509F /* Player.cpp */,
				C069B3792243168000DB509F /* Player.hpp */,
				C07B169722448CEE00818451 /* Enemy.cpp */,
				C07B169822448CEE00818451 /* Enemy.hpp */,
				C03CABC12245A01900CC92FF /* VertexArray.cpp */,
				C03CABC22245A01900CC92FF /* VertexArray.hpp */,
				C069B37B2243234600DB509F /* Math.cpp */,
				C069B37C2243234600DB509F /* Math.hpp */,
				C07B169A22448E4F00818451 /* Random.cpp */,
				C07B169B22448E4F00818451 /* Random.hpp */,
			);
			path = "tonyu0-1";
			sourceTree = "<group>";
		};
		C069B3652240AFE700DB509F /* Frameworks */ = {
			isa = PBXGroup;
			children = (
				C07B16A922453E7A00818451 /* OpenGL.framework */,
				C069B373224148DD00DB509F /* SDL2_image.framework */,
				C069B36B2240C0DA00DB509F /* libSDL2.a */,
				C069B3692240BB4900DB509F /* SDL.framework */,
				C069B3662240AFE700DB509F /* SDL2.framework */,
			);
			name = Frameworks;
			sourceTree = "<group>";
		};
/* End PBXGroup section */

/* Begin PBXNativeTarget section */
		C069B3562240A85D00DB509F /* tonyu0-1 */ = {
			isa = PBXNativeTarget;
			buildConfigurationList = C069B35E2240A85D00DB509F /* Build configuration list for PBXNativeTarget "tonyu0-1" */;
			buildPhases = (
				C069B3532240A85D00DB509F /* Sources */,
				C069B3542240A85D00DB509F /* Frameworks */,
				C069B3552240A85D00DB509F /* CopyFiles */,
			);
			buildRules = (
			);
			dependencies = (
			);
			name = "tonyu0-1";
			productName = "tonyu0-1";
			productReference = C069B3572240A85D00DB509F /* tonyu0-1 */;
			productType = "com.apple.product-type.tool";
		};
/* End PBXNativeTarget section */

/* Begin PBXProject section */
		C069B34F2240A85D00DB509F /* Project object */ = {
			isa = PBXProject;
			attributes = {
				LastUpgradeCheck = 1010;
				ORGANIZATIONNAME = Nakagawa;
				TargetAttributes = {
					C069B3562240A85D00DB509F = {
						CreatedOnToolsVersion = 10.1;
					};
				};
			};
			buildConfigurationList = C069B3522240A85D00DB509F /* Build configuration list for PBXProject "tonyu0-1" */;
			compatibilityVersion = "Xcode 9.3";
			developmentRegion = en;
			hasScannedForEncodings = 0;
			knownRegions = (
				en,
			);
			mainGroup = C069B34E2240A85D00DB509F;
			productRefGroup = C069B3582240A85D00DB509F /* Products */;
			projectDirPath = "";
			projectRoot = "";
			targets = (
				C069B3562240A85D00DB509F /* tonyu0-1 */,
			);
		};
/* End PBXProject section */

/* Begin PBXSourcesBuildPhase section */
		C069B3532240A85D00DB509F /* Sources */ = {
			isa = PBXSourcesBuildPhase;
			buildActionMask = 2147483647;
			files = (
				C07B16A22244979000818451 /* InputComponent.cpp in Sources */,
				C07B169C22448E4F00818451 /* Random.cpp in Sources */,
				C07B16A52245236300818451 /* CircleComponent.cpp in Sources */,
				C07B16A8224529ED00818451 /* Bullet.cpp in Sources */,
				C069B3682240B94B00DB509F /* Game.hpp in Sources */,
				C069B37A2243168000DB509F /* Player.cpp in Sources */,
				C07B169F224496F600818451 /* MoveComponent.cpp in Sources */,
				C069B35B2240A85D00DB509F /* main.cpp in Sources */,
				C069B37D2243234600DB509F /* Math.cpp in Sources */,
				C069B3772241E2DF00DB509F /* SpriteComponent.cpp in Sources */,
				C069B3642240A88700DB509F /* Game.cpp in Sources */,
				C03CABC32245A01900CC92FF /* VertexArray.cpp in Sources */,
				C069B36F22413B6800DB509F /* Actor.cpp in Sources */,
				C069B3722241403C00DB509F /* Component.cpp in Sources */,
				C069B380224332E500DB509F /* BGSpriteComponent.cpp in Sources */,
				C07B169922448CEE00818451 /* Enemy.cpp in Sources */,
				C069B383224337BF00DB509F /* AnimSpriteComponent.cpp in Sources */,
			);
			runOnlyForDeploymentPostprocessing = 0;
		};
/* End PBXSourcesBuildPhase section */

/* Begin XCBuildConfiguration section */
		C069B35C2240A85D00DB509F /* Debug */ = {
			isa = XCBuildConfiguration;
			buildSettings = {
				ALWAYS_SEARCH_USER_PATHS = NO;
				CLANG_ANALYZER_NONNULL = YES;
				CLANG_ANALYZER_NUMBER_OBJECT_CONVERSION = YES_AGGRESSIVE;
				CLANG_CXX_LANGUAGE_STANDARD = "gnu++14";
				CLANG_CXX_LIBRARY = "libc++";
				CLANG_ENABLE_MODULES = YES;
				CLANG_ENABLE_OBJC_ARC = YES;
				CLANG_ENABLE_OBJC_WEAK = YES;
				CLANG_WARN_BLOCK_CAPTURE_AUTORELEASING = YES;
				CLANG_WARN_BOOL_CONVERSION = YES;
				CLANG_WARN_COMMA = YES;
				CLANG_WARN_CONSTANT_CONVERSION = YES;
				CLANG_WARN_DEPRECATED_OBJC_IMPLEMENTATIONS = YES;
				CLANG_WARN_DIRECT_OBJC_ISA_USAGE = YES_ERROR;
				CLANG_WARN_DOCUMENTATION_COMMENTS = YES;
				CLANG_WARN_EMPTY_BODY = YES;
				CLANG_WARN_ENUM_CONVERSION = YES;
				CLANG_WARN_INFINITE_RECURSION = YES;
				CLANG_WARN_INT_CONVERSION = YES;
				CLANG_WARN_NON_LITERAL_NULL_CONVERSION = YES;
				CLANG_WARN_OBJC_IMPLICIT_RETAIN_SELF = YES;
				CLANG_WARN_OBJC_LITERAL_CONVERSION = YES;
				CLANG_WARN_OBJC_ROOT_CLASS = YES_ERROR;
				CLANG_WARN_RANGE_LOOP_ANALYSIS = YES;
				CLANG_WARN_STRICT_PROTOTYPES = YES;
				CLANG_WARN_SUSPICIOUS_MOVE = YES;
				CLANG_WARN_UNGUARDED_AVAILABILITY = YES_AGGRESSIVE;
				CLANG_WARN_UNREACHABLE_CODE = YES;
				CLANG_WARN__DUPLICATE_METHOD_MATCH = YES;
				CODE_SIGN_IDENTITY = "Mac Developer";
				COPY_PHASE_STRIP = NO;
				DEBUG_INFORMATION_FORMAT = dwarf;
				ENABLE_STRICT_OBJC_MSGSEND = YES;
				ENABLE_TESTABILITY = YES;
				GCC_C_LANGUAGE_STANDARD = gnu11;
				GCC_DYNAMIC_NO_PIC = NO;
				GCC_NO_COMMON_BLOCKS = YES;
				GCC_OPTIMIZATION_LEVEL = 0;
				GCC_PREPROCESSOR_DEFINITIONS = (
					"DEBUG=1",
					"$(inherited)",
				);
				GCC_WARN_64_TO_32_BIT_CONVERSION = YES;
				GCC_WARN_ABOUT_RETURN_TYPE = YES_ERROR;
				GCC_WARN_UNDECLARED_SELECTOR = YES;
				GCC_WARN_UNINITIALIZED_AUTOS = YES_AGGRESSIVE;
				GCC_WARN_UNUSED_FUNCTION = YES;
				GCC_WARN_UNUSED_VARIABLE = YES;
				MACOSX_DEPLOYMENT_TARGET = 10.14;
				MTL_ENABLE_DEBUG_INFO = INCLUDE_SOURCE;
				MTL_FAST_MATH = YES;
				ONLY_ACTIVE_ARCH = YES;
				SDKROOT = macosx;
			};
			name = Debug;
		};
		C069B35D2240A85D00DB509F /* Release */ = {
			isa = XCBuildConfiguration;
			buildSettings = {
				ALWAYS_SEARCH_USER_PATHS = NO;
				CLANG_ANALYZER_NONNULL = YES;
				CLANG_ANALYZER_NUMBER_OBJECT_CONVERSION = YES_AGGRESSIVE;
				CLANG_CXX_LANGUAGE_STANDARD = "gnu++14";
				CLANG_CXX_LIBRARY = "libc++";
				CLANG_ENABLE_MODULES = YES;
				CLANG_ENABLE_OBJC_ARC = YES;
				CLANG_ENABLE_OBJC_WEAK = YES;
				CLANG_WARN_BLOCK_CAPTURE_AUTORELEASING = YES;
				CLANG_WARN_BOOL_CONVERSION = YES;
				CLANG_WARN_COMMA = YES;
				CLANG_WARN_CONSTANT_CONVERSION = YES;
				CLANG_WARN_DEPRECATED_OBJC_IMPLEMENTATIONS = YES;
				CLANG_WARN_DIRECT_OBJC_ISA_USAGE = YES_ERROR;
				CLANG_WARN_DOCUMENTATION_COMMENTS = YES;
				CLANG_WARN_EMPTY_BODY = YES;
				CLANG_WARN_ENUM_CONVERSION = YES;
				CLANG_WARN_INFINITE_RECURSION = YES;
				CLANG_WARN_INT_CONVERSION = YES;
				CLANG_WARN_NON_LITERAL_NULL_CONVERSION = YES;
				CLANG_WARN_OBJC_IMPLICIT_RETAIN_SELF = YES;
				CLANG_WARN_OBJC_LITERAL_CONVERSION = YES;
				CLANG_WARN_OBJC_ROOT_CLASS = YES_ERROR;
				CLANG_WARN_RANGE_LOOP_ANALYSIS = YES;
				CLANG_WARN_STRICT_PROTOTYPES = YES;
				CLANG_WARN_SUSPICIOUS_MOVE = YES;
				CLANG_WARN_UNGUARDED_AVAILABILITY = YES_AGGRESSIVE;
				CLANG_WARN_UNREACHABLE_CODE = YES;
				CLANG_WARN__DUPLICATE_METHOD_MATCH = YES;
				CODE_SIGN_IDENTITY = "Mac Developer";
				COPY_PHASE_STRIP = NO;
				DEBUG_INFORMATION_FORMAT = "dwarf-with-dsym";
				ENABLE_NS_ASSERTIONS = NO;
				ENABLE_STRICT_OBJC_MSGSEND = YES;
				GCC_C_LANGUAGE_STANDARD = gnu11;
				GCC_NO_COMMON_BLOCKS = YES;
				GCC_WARN_64_TO_32_BIT_CONVERSION = YES;
				GCC_WARN_ABOUT_RETURN_TYPE = YES_ERROR;
				GCC_WARN_UNDECLARED_SELECTOR = YES;
				GCC_WARN_UNINITIALIZED_AUTOS = YES_AGGRESSIVE;
				GCC_WARN_UNUSED_FUNCTION = YES;
				GCC_WARN_UNUSED_VARIABLE = YES;
				MACOSX_DEPLOYMENT_TARGET = 10.14;
				MTL_ENABLE_DEBUG_INFO = NO;
				MTL_FAST_MATH = YES;
				SDKROOT = macosx;
			};
			name = Release;
		};
		C069B35F2240A85D00DB509F /* Debug */ = {
			isa = XCBuildConfiguration;
			buildSettings = {
				CODE_SIGN_STYLE = Automatic;
				DEVELOPMENT_TEAM = 6T6N76446H;
				FRAMEWORK_SEARCH_PATHS = (
					"$(inherited)",
					"$(LOCAL_LIBRARY_DIR)/Frameworks",
				);
				HEADER_SEARCH_PATHS = /usr/local/include;
				LIBRARY_SEARCH_PATHS = /usr/local/lib;
				PRODUCT_NAME = "$(TARGET_NAME)";
			};
			name = Debug;
		};
		C069B3602240A85D00DB509F /* Release */ = {
			isa = XCBuildConfiguration;
			buildSettings = {
				CODE_SIGN_STYLE = Automatic;
				DEVELOPMENT_TEAM = 6T6N76446H;
				FRAMEWORK_SEARCH_PATHS = (
					"$(inherited)",
					"$(LOCAL_LIBRARY_DIR)/Frameworks",
				);
				HEADER_SEARCH_PATHS = /usr/local/include;
				LIBRARY_SEARCH_PATHS = /usr/local/lib;
				PRODUCT_NAME = "$(TARGET_NAME)";
			};
			name = Release;
		};
/* End XCBuildConfiguration section */

/* Begin XCConfigurationList section */
		C069B3522240A85D00DB509F /* Build configuration list for PBXProject "tonyu0-1" */ = {
			isa = XCConfigurationList;
			buildConfigurations = (
				C069B35C2240A85D00DB509F /* Debug */,
				C069B35D2240A85D00DB509F /* Release */,
			);
			defaultConfigurationIsVisible = 0;
			defaultConfigurationName = Release;
		};
		C069B35E2240A85D00DB509F /* Build configuration list for PBXNativeTarget "tonyu0-1" */ = {
			isa = XCConfigurationList;
			buildConfigurations = (
				C069B35F2240A85D00DB509F /* Debug */,
				C069B3602240A85D00DB509F /* Release */,
			);
			defaultConfigurationIsVisible = 0;
			defaultConfigurationName = Release;
		};
/* End XCConfigurationList section */
	};
	rootObject = C069B34F2240A85D00DB509F /* Project object */;
}
